
Microsoft Visual Studio Solution File, Format Version 11.00
# Visual Studio 2010
Project("{FAE04EC0-301F-11D3-BF4B-00C04F79EFBC}") = "Assembly-CSharp", "Assembly-CSharp.csproj", "{5BB7E9B2-DAAC-E6A6-6D4C-F52FF86D00FA}"
EndProject
Project("{FAE04EC0-301F-11D3-BF4B-00C04F79EFBC}") = "Unity.Postprocessing.Runtime", "Unity.Postprocessing.Runtime.csproj", "{54F3F782-230B-FBB2-90C9-BF5E2E535C95}"
EndProject
Project("{FAE04EC0-301F-11D3-BF4B-00C04F79EFBC}") = "Newtonsoft.Json", "Newtonsoft.Json.csproj", "{D9EECBB0-7296-3435-2B23-B129812724ED}"
EndProject
Project("{FAE04EC0-301F-11D3-BF4B-00C04F79EFBC}") = "Firebase.App", "Firebase.App.csproj", "{C7FC7F38-98A4-A12D-0D3D-D812134D5762}"
EndProject
Project("{FAE04EC0-301F-11D3-BF4B-00C04F79EFBC}") = "Com.Uken.Analog.Runtime", "Com.Uken.Analog.Runtime.csproj", "{C6DC5E0C-50C5-AC74-755D-6D72121E80D3}"
EndProject
Project("{FAE04EC0-301F-11D3-BF4B-00C04F79EFBC}") = "Facebook.Unity", "Facebook.Unity.csproj", "{56A3069E-C09E-8CB9-BB76-55300E437E2E}"
EndProject
Project("{FAE04EC0-301F-11D3-BF4B-00C04F79EFBC}") = "Firebase.Crashlytics", "Firebase.Crashlytics.csproj", "{3D9CFD19-96EA-9E64-5009-99A4825B8864}"
EndProject
Project("{FAE04EC0-301F-11D3-BF4B-00C04F79EFBC}") = "Com.Uken.Extensions.Runtime", "Com.Uken.Extensions.Runtime.csproj", "{83155101-8D92-A0D4-D516-99CE99424F77}"
EndProject
Project("{FAE04EC0-301F-11D3-BF4B-00C04F79EFBC}") = "Il2CppDummyDll", "Il2CppDummyDll.csproj", "{E58D63EA-0722-1E23-47F7-88E51D678652}"
EndProject
Project("{FAE04EC0-301F-11D3-BF4B-00C04F79EFBC}") = "Com.Uken.Adlib.Runtime", "Com.Uken.Adlib.Runtime.csproj", "{A730DAF1-D0EE-FEDA-749C-83BD9281F0A0}"
EndProject
Project("{FAE04EC0-301F-11D3-BF4B-00C04F79EFBC}") = "Com.Uken.ApiClient.Runtime", "Com.Uken.ApiClient.Runtime.csproj", "{2D78906D-6EF0-E3C6-5345-0FC4B6371F64}"
EndProject
Project("{FAE04EC0-301F-11D3-BF4B-00C04F79EFBC}") = "Opencoding.Console", "Opencoding.Console.csproj", "{8D3A8AB9-0014-C7F2-5DE0-91DD73164D08}"
EndProject
Project("{FAE04EC0-301F-11D3-BF4B-00C04F79EFBC}") = "Facebook.Unity.Settings", "Facebook.Unity.Settings.csproj", "{BAE6D766-9A70-FAB6-AAD9-A07806910474}"
EndProject
Project("{FAE04EC0-301F-11D3-BF4B-00C04F79EFBC}") = "mopub", "mopub.csproj", "{CA30CBAB-3A44-A72C-6FD4-FBBD609F2CAD}"
EndProject
Project("{FAE04EC0-301F-11D3-BF4B-00C04F79EFBC}") = "Firebase.Analytics", "Firebase.Analytics.csproj", "{4588C425-B4F6-5DDB-ABCC-1172E5078D3F}"
EndProject
Project("{FAE04EC0-301F-11D3-BF4B-00C04F79EFBC}") = "Opencoding.Shared", "Opencoding.Shared.csproj", "{72D3BB45-23E6-5B2E-8951-74443734D8D7}"
EndProject
Project("{FAE04EC0-301F-11D3-BF4B-00C04F79EFBC}") = "Stores", "Stores.csproj", "{14F1A00A-66CA-9195-6B7F-97747C0B4AD7}"
EndProject
Project("{FAE04EC0-301F-11D3-BF4B-00C04F79EFBC}") = "Opencoding.CommandHandlers", "Opencoding.CommandHandlers.csproj", "{CF27403C-3DF9-BA1B-7748-37A79C5FC430}"
EndProject
Project("{FAE04EC0-301F-11D3-BF4B-00C04F79EFBC}") = "Firebase.Platform", "Firebase.Platform.csproj", "{0EBA965E-F0AA-1157-7430-196136F34B03}"
EndProject
Project("{FAE04EC0-301F-11D3-BF4B-00C04F79EFBC}") = "com.uken.policy.runtime", "com.uken.policy.runtime.csproj", "{3971CDF8-53ED-7ACC-E56E-B33B4B68D7E6}"
EndProject
Project("{FAE04EC0-301F-11D3-BF4B-00C04F79EFBC}") = "winrt", "winrt.csproj", "{8D5673B2-9922-6F78-B247-E758FAE458E1}"
EndProject
Project("{FAE04EC0-301F-11D3-BF4B-00C04F79EFBC}") = "Apple", "Apple.csproj", "{4AD2D425-A9D4-BB02-7451-267C655A5D02}"
EndProject
Project("{FAE04EC0-301F-11D3-BF4B-00C04F79EFBC}") = "Com.Uken.Native-Helpers.Runtime", "Com.Uken.Native-Helpers.Runtime.csproj", "{1CDD0D13-374F-1556-FBFA-E8929B90CA3A}"
EndProject
Project("{FAE04EC0-301F-11D3-BF4B-00C04F79EFBC}") = "fastJSON", "fastJSON.csproj", "{CC7D98C4-5031-F9DB-5C5E-2D8BB7C9155E}"
EndProject
Project("{FAE04EC0-301F-11D3-BF4B-00C04F79EFBC}") = "Opencoding.LogHistory", "Opencoding.LogHistory.csproj", "{59A4A2F1-311A-7ED6-7E65-5ADAAAEE9530}"
EndProject
Project("{FAE04EC0-301F-11D3-BF4B-00C04F79EFBC}") = "Facebook.Unity.Android", "Facebook.Unity.Android.csproj", "{0B19AF9B-C69E-C350-9F3F-3C312DBADE20}"
EndProject
Project("{FAE04EC0-301F-11D3-BF4B-00C04F79EFBC}") = "Common", "Common.csproj", "{1A8FF631-A364-9EC8-A8CF-B64865E81EF1}"
EndProject
Project("{FAE04EC0-301F-11D3-BF4B-00C04F79EFBC}") = "Firebase.TaskExtension", "Firebase.TaskExtension.csproj", "{31964B1E-7BEA-D0CE-9113-79E03F1775A6}"
EndProject
Global
	GlobalSection(SolutionConfigurationPlatforms) = preSolution
		Debug|Any CPU = Debug|Any CPU
		Release|Any CPU = Release|Any CPU
	EndGlobalSection
	GlobalSection(ProjectConfigurationPlatforms) = postSolution
		{5BB7E9B2-DAAC-E6A6-6D4C-F52FF86D00FA}.Debug|Any CPU.ActiveCfg = Debug|Any CPU
		{5BB7E9B2-DAAC-E6A6-6D4C-F52FF86D00FA}.Debug|Any CPU.Build.0 = Debug|Any CPU
		{5BB7E9B2-DAAC-E6A6-6D4C-F52FF86D00FA}.Release|Any CPU.ActiveCfg = Release|Any CPU
		{5BB7E9B2-DAAC-E6A6-6D4C-F52FF86D00FA}.Release|Any CPU.Build.0 = Release|Any CPU
		{54F3F782-230B-FBB2-90C9-BF5E2E535C95}.Debug|Any CPU.ActiveCfg = Debug|Any CPU
		{54F3F782-230B-FBB2-90C9-BF5E2E535C95}.Debug|Any CPU.Build.0 = Debug|Any CPU
		{54F3F782-230B-FBB2-90C9-BF5E2E535C95}.Release|Any CPU.ActiveCfg = Release|Any CPU
		{54F3F782-230B-FBB2-90C9-BF5E2E535C95}.Release|Any CPU.Build.0 = Release|Any CPU
		{D9EECBB0-7296-3435-2B23-B129812724ED}.Debug|Any CPU.ActiveCfg = Debug|Any CPU
		{D9EECBB0-7296-3435-2B23-B129812724ED}.Debug|Any CPU.Build.0 = Debug|Any CPU
		{D9EECBB0-7296-3435-2B23-B129812724ED}.Release|Any CPU.ActiveCfg = Release|Any CPU
		{D9EECBB0-7296-3435-2B23-B129812724ED}.Release|Any CPU.Build.0 = Release|Any CPU
		{C7FC7F38-98A4-A12D-0D3D-D812134D5762}.Debug|Any CPU.ActiveCfg = Debug|Any CPU
		{C7FC7F38-98A4-A12D-0D3D-D812134D5762}.Debug|Any CPU.Build.0 = Debug|Any CPU
		{C7FC7F38-98A4-A12D-0D3D-D812134D5762}.Release|Any CPU.ActiveCfg = Release|Any CPU
		{C7FC7F38-98A4-A12D-0D3D-D812134D5762}.Release|Any CPU.Build.0 = Release|Any CPU
		{C6DC5E0C-50C5-AC74-755D-6D72121E80D3}.Debug|Any CPU.ActiveCfg = Debug|Any CPU
		{C6DC5E0C-50C5-AC74-755D-6D72121E80D3}.Debug|Any CPU.Build.0 = Debug|Any CPU
		{C6DC5E0C-50C5-AC74-755D-6D72121E80D3}.Release|Any CPU.ActiveCfg = Release|Any CPU
		{C6DC5E0C-50C5-AC74-755D-6D72121E80D3}.Release|Any CPU.Build.0 = Release|Any CPU
		{56A3069E-C09E-8CB9-BB76-55300E437E2E}.Debug|Any CPU.ActiveCfg = Debug|Any CPU
		{56A3069E-C09E-8CB9-BB76-55300E437E2E}.Debug|Any CPU.Build.0 = Debug|Any CPU
		{56A3069E-C09E-8CB9-BB76-55300E437E2E}.Release|Any CPU.ActiveCfg = Release|Any CPU
		{56A3069E-C09E-8CB9-BB76-55300E437E2E}.Release|Any CPU.Build.0 = Release|Any CPU
		{3D9CFD19-96EA-9E64-5009-99A4825B8864}.Debug|Any CPU.ActiveCfg = Debug|Any CPU
		{3D9CFD19-96EA-9E64-5009-99A4825B8864}.Debug|Any CPU.Build.0 = Debug|Any CPU
		{3D9CFD19-96EA-9E64-5009-99A4825B8864}.Release|Any CPU.ActiveCfg = Release|Any CPU
		{3D9CFD19-96EA-9E64-5009-99A4825B8864}.Release|Any CPU.Build.0 = Release|Any CPU
		{83155101-8D92-A0D4-D516-99CE99424F77}.Debug|Any CPU.ActiveCfg = Debug|Any CPU
		{83155101-8D92-A0D4-D516-99CE99424F77}.Debug|Any CPU.Build.0 = Debug|Any CPU
		{83155101-8D92-A0D4-D516-99CE99424F77}.Release|Any CPU.ActiveCfg = Release|Any CPU
		{83155101-8D92-A0D4-D516-99CE99424F77}.Release|Any CPU.Build.0 = Release|Any CPU
		{E58D63EA-0722-1E23-47F7-88E51D678652}.Debug|Any CPU.ActiveCfg = Debug|Any CPU
		{E58D63EA-0722-1E23-47F7-88E51D678652}.Debug|Any CPU.Build.0 = Debug|Any CPU
		{E58D63EA-0722-1E23-47F7-88E51D678652}.Release|Any CPU.ActiveCfg = Release|Any CPU
		{E58D63EA-0722-1E23-47F7-88E51D678652}.Release|Any CPU.Build.0 = Release|Any CPU
		{A730DAF1-D0EE-FEDA-749C-83BD9281F0A0}.Debug|Any CPU.ActiveCfg = Debug|Any CPU
		{A730DAF1-D0EE-FEDA-749C-83BD9281F0A0}.Debug|Any CPU.Build.0 = Debug|Any CPU
		{A730DAF1-D0EE-FEDA-749C-83BD9281F0A0}.Release|Any CPU.ActiveCfg = Release|Any CPU
		{A730DAF1-D0EE-FEDA-749C-83BD9281F0A0}.Release|Any CPU.Build.0 = Release|Any CPU
		{2D78906D-6EF0-E3C6-5345-0FC4B6371F64}.Debug|Any CPU.ActiveCfg = Debug|Any CPU
		{2D78906D-6EF0-E3C6-5345-0FC4B6371F64}.Debug|Any CPU.Build.0 = Debug|Any CPU
		{2D78906D-6EF0-E3C6-5345-0FC4B6371F64}.Release|Any CPU.ActiveCfg = Release|Any CPU
		{2D78906D-6EF0-E3C6-5345-0FC4B6371F64}.Release|Any CPU.Build.0 = Release|Any CPU
		{8D3A8AB9-0014-C7F2-5DE0-91DD73164D08}.Debug|Any CPU.ActiveCfg = Debug|Any CPU
		{8D3A8AB9-0014-C7F2-5DE0-91DD73164D08}.Debug|Any CPU.Build.0 = Debug|Any CPU
		{8D3A8AB9-0014-C7F2-5DE0-91DD73164D08}.Release|Any CPU.ActiveCfg = Release|Any CPU
		{8D3A8AB9-0014-C7F2-5DE0-91DD73164D08}.Release|Any CPU.Build.0 = Release|Any CPU
		{BAE6D766-9A70-FAB6-AAD9-A07806910474}.Debug|Any CPU.ActiveCfg = Debug|Any CPU
		{BAE6D766-9A70-FAB6-AAD9-A07806910474}.Debug|Any CPU.Build.0 = Debug|Any CPU
		{BAE6D766-9A70-FAB6-AAD9-A07806910474}.Release|Any CPU.ActiveCfg = Release|Any CPU
		{BAE6D766-9A70-FAB6-AAD9-A07806910474}.Release|Any CPU.Build.0 = Release|Any CPU
		{CA30CBAB-3A44-A72C-6FD4-FBBD609F2CAD}.Debug|Any CPU.ActiveCfg = Debug|Any CPU
		{CA30CBAB-3A44-A72C-6FD4-FBBD609F2CAD}.Debug|Any CPU.Build.0 = Debug|Any CPU
		{CA30CBAB-3A44-A72C-6FD4-FBBD609F2CAD}.Release|Any CPU.ActiveCfg = Release|Any CPU
		{CA30CBAB-3A44-A72C-6FD4-FBBD609F2CAD}.Release|Any CPU.Build.0 = Release|Any CPU
		{4588C425-B4F6-5DDB-ABCC-1172E5078D3F}.Debug|Any CPU.ActiveCfg = Debug|Any CPU
		{4588C425-B4F6-5DDB-ABCC-1172E5078D3F}.Debug|Any CPU.Build.0 = Debug|Any CPU
		{4588C425-B4F6-5DDB-ABCC-1172E5078D3F}.Release|Any CPU.ActiveCfg = Release|Any CPU
		{4588C425-B4F6-5DDB-ABCC-1172E5078D3F}.Release|Any CPU.Build.0 = Release|Any CPU
		{72D3BB45-23E6-5B2E-8951-74443734D8D7}.Debug|Any CPU.ActiveCfg = Debug|Any CPU
		{72D3BB45-23E6-5B2E-8951-74443734D8D7}.Debug|Any CPU.Build.0 = Debug|Any CPU
		{72D3BB45-23E6-5B2E-8951-74443734D8D7}.Release|Any CPU.ActiveCfg = Release|Any CPU
		{72D3BB45-23E6-5B2E-8951-74443734D8D7}.Release|Any CPU.Build.0 = Release|Any CPU
		{14F1A00A-66CA-9195-6B7F-97747C0B4AD7}.Debug|Any CPU.ActiveCfg = Debug|Any CPU
		{14F1A00A-66CA-9195-6B7F-97747C0B4AD7}.Debug|Any CPU.Build.0 = Debug|Any CPU
		{14F1A00A-66CA-9195-6B7F-97747C0B4AD7}.Release|Any CPU.ActiveCfg = Release|Any CPU
		{14F1A00A-66CA-9195-6B7F-97747C0B4AD7}.Release|Any CPU.Build.0 = Release|Any CPU
		{CF27403C-3DF9-BA1B-7748-37A79C5FC430}.Debug|Any CPU.ActiveCfg = Debug|Any CPU
		{CF27403C-3DF9-BA1B-7748-37A79C5FC430}.Debug|Any CPU.Build.0 = Debug|Any CPU
		{CF27403C-3DF9-BA1B-7748-37A79C5FC430}.Release|Any CPU.ActiveCfg = Release|Any CPU
		{CF27403C-3DF9-BA1B-7748-37A79C5FC430}.Release|Any CPU.Build.0 = Release|Any CPU
		{0EBA965E-F0AA-1157-7430-196136F34B03}.Debug|Any CPU.ActiveCfg = Debug|Any CPU
		{0EBA965E-F0AA-1157-7430-196136F34B03}.Debug|Any CPU.Build.0 = Debug|Any CPU
		{0EBA965E-F0AA-1157-7430-196136F34B03}.Release|Any CPU.ActiveCfg = Release|Any CPU
		{0EBA965E-F0AA-1157-7430-196136F34B03}.Release|Any CPU.Build.0 = Release|Any CPU
		{3971CDF8-53ED-7ACC-E56E-B33B4B68D7E6}.Debug|Any CPU.ActiveCfg = Debug|Any CPU
		{3971CDF8-53ED-7ACC-E56E-B33B4B68D7E6}.Debug|Any CPU.Build.0 = Debug|Any CPU
		{3971CDF8-53ED-7ACC-E56E-B33B4B68D7E6}.Release|Any CPU.ActiveCfg = Release|Any CPU
		{3971CDF8-53ED-7ACC-E56E-B33B4B68D7E6}.Release|Any CPU.Build.0 = Release|Any CPU
		{8D5673B2-9922-6F78-B247-E758FAE458E1}.Debug|Any CPU.ActiveCfg = Debug|Any CPU
		{8D5673B2-9922-6F78-B247-E758FAE458E1}.Debug|Any CPU.Build.0 = Debug|Any CPU
		{8D5673B2-9922-6F78-B247-E758FAE458E1}.Release|Any CPU.ActiveCfg = Release|Any CPU
		{8D5673B2-9922-6F78-B247-E758FAE458E1}.Release|Any CPU.Build.0 = Release|Any CPU
		{4AD2D425-A9D4-BB02-7451-267C655A5D02}.Debug|Any CPU.ActiveCfg = Debug|Any CPU
		{4AD2D425-A9D4-BB02-7451-267C655A5D02}.Debug|Any CPU.Build.0 = Debug|Any CPU
		{4AD2D425-A9D4-BB02-7451-267C655A5D02}.Release|Any CPU.ActiveCfg = Release|Any CPU
		{4AD2D425-A9D4-BB02-7451-267C655A5D02}.Release|Any CPU.Build.0 = Release|Any CPU
		{1CDD0D13-374F-1556-FBFA-E8929B90CA3A}.Debug|Any CPU.ActiveCfg = Debug|Any CPU
		{1CDD0D13-374F-1556-FBFA-E8929B90CA3A}.Debug|Any CPU.Build.0 = Debug|Any CPU
		{1CDD0D13-374F-1556-FBFA-E8929B90CA3A}.Release|Any CPU.ActiveCfg = Release|Any CPU
		{1CDD0D13-374F-1556-FBFA-E8929B90CA3A}.Release|Any CPU.Build.0 = Release|Any CPU
		{CC7D98C4-5031-F9DB-5C5E-2D8BB7C9155E}.Debug|Any CPU.ActiveCfg = Debug|Any CPU
		{CC7D98C4-5031-F9DB-5C5E-2D8BB7C9155E}.Debug|Any CPU.Build.0 = Debug|Any CPU
		{CC7D98C4-5031-F9DB-5C5E-2D8BB7C9155E}.Release|Any CPU.ActiveCfg = Release|Any CPU
		{CC7D98C4-5031-F9DB-5C5E-2D8BB7C9155E}.Release|Any CPU.Build.0 = Release|Any CPU
		{59A4A2F1-311A-7ED6-7E65-5ADAAAEE9530}.Debug|Any CPU.ActiveCfg = Debug|Any CPU
		{59A4A2F1-311A-7ED6-7E65-5ADAAAEE9530}.Debug|Any CPU.Build.0 = Debug|Any CPU
		{59A4A2F1-311A-7ED6-7E65-5ADAAAEE9530}.Release|Any CPU.ActiveCfg = Release|Any CPU
		{59A4A2F1-311A-7ED6-7E65-5ADAAAEE9530}.Release|Any CPU.Build.0 = Release|Any CPU
		{0B19AF9B-C69E-C350-9F3F-3C312DBADE20}.Debug|Any CPU.ActiveCfg = Debug|Any CPU
		{0B19AF9B-C69E-C350-9F3F-3C312DBADE20}.Debug|Any CPU.Build.0 = Debug|Any CPU
		{0B19AF9B-C69E-C350-9F3F-3C312DBADE20}.Release|Any CPU.ActiveCfg = Release|Any CPU
		{0B19AF9B-C69E-C350-9F3F-3C312DBADE20}.Release|Any CPU.Build.0 = Release|Any CPU
		{1A8FF631-A364-9EC8-A8CF-B64865E81EF1}.Debug|Any CPU.ActiveCfg = Debug|Any CPU
		{1A8FF631-A364-9EC8-A8CF-B64865E81EF1}.Debug|Any CPU.Build.0 = Debug|Any CPU
		{1A8FF631-A364-9EC8-A8CF-B64865E81EF1}.Release|Any CPU.ActiveCfg = Release|Any CPU
		{1A8FF631-A364-9EC8-A8CF-B64865E81EF1}.Release|Any CPU.Build.0 = Release|Any CPU
		{31964B1E-7BEA-D0CE-9113-79E03F1775A6}.Debug|Any CPU.ActiveCfg = Debug|Any CPU
		{31964B1E-7BEA-D0CE-9113-79E03F1775A6}.Debug|Any CPU.Build.0 = Debug|Any CPU
		{31964B1E-7BEA-D0CE-9113-79E03F1775A6}.Release|Any CPU.ActiveCfg = Release|Any CPU
		{31964B1E-7BEA-D0CE-9113-79E03F1775A6}.Release|Any CPU.Build.0 = Release|Any CPU
	EndGlobalSection
	GlobalSection(SolutionProperties) = preSolution
		HideSolutionNode = FALSE
	EndGlobalSection
	GlobalSection(MonoDevelopProperties) = preSolution
		StartupItem = Assembly-CSharp.csproj
	EndGlobalSection
EndGlobal
